
Microsoft Visual Studio Solution File, Format Version 12.00
# Visual Studio 15
VisualStudioVersion = 15.0.28307.757
MinimumVisualStudioVersion = 10.0.40219.1
Project("{FAE04EC0-301F-11D3-BF4B-00C04F79EFBC}") = "TestSPA", "TestSPA\TestSPA.csproj", "{3D83F43C-B352-4E9C-8BF8-C2EC71EC246C}"
EndProject
Global
	GlobalSection(SolutionConfigurationPlatforms) = preSolution
		Debug|Any CPU = Debug|Any CPU
		Release|Any CPU = Release|Any CPU
	EndGlobalSection
	GlobalSection(ProjectConfigurationPlatforms) = postSolution
		{3D83F43C-B352-4E9C-8BF8-C2EC71EC246C}.Debug|Any CPU.ActiveCfg = Debug|Any CPU
		{3D83F43C-B352-4E9C-8BF8-C2EC71EC246C}.Debug|Any CPU.Build.0 = Debug|Any CPU
		{3D83F43C-B352-4E9C-8BF8-C2EC71EC246C}.Release|Any CPU.ActiveCfg = Release|Any CPU
		{3D83F43C-B352-4E9C-8BF8-C2EC71EC246C}.Release|Any CPU.Build.0 = Release|Any CPU
	EndGlobalSection
	GlobalSection(SolutionProperties) = preSolution
		HideSolutionNode = FALSE
	EndGlobalSection
	GlobalSection(ExtensibilityGlobals) = postSolution
		SolutionGuid = {C39CEF49-71DD-494E-83B7-9A649A0FB89A}
	EndGlobalSection
EndGlobal
