
Microsoft Visual Studio Solution File, Format Version 12.00
# Visual Studio Version 16
VisualStudioVersion = 16.0.29519.87
MinimumVisualStudioVersion = 10.0.40219.1
Project("{9A19103F-16F7-4668-BE54-9A1E7A4F7556}") = "GrooverAdmSPA", "GrooverAdmSPA\GrooverAdmSPA.csproj", "{3D83F43C-B352-4E9C-8BF8-C2EC71EC246C}"
EndProject
Project("{9A19103F-16F7-4668-BE54-9A1E7A4F7556}") = "GrooverAdm.Test", "GrooverAdm.Test\GrooverAdm.Test.csproj", "{E69482D9-BCB2-41E4-93F7-4A26838C48C0}"
EndProject
Project("{9A19103F-16F7-4668-BE54-9A1E7A4F7556}") = "GrooverAdm.Model", "GrooverAdm.Model\GrooverAdm.Model.csproj", "{0EEB505C-E378-4EEB-ADF3-B0C87649D7D2}"
EndProject
Project("{9A19103F-16F7-4668-BE54-9A1E7A4F7556}") = "GrooverAdm.Mappers", "GrooverAdm.Mappers\GrooverAdm.Mappers.csproj", "{30D61D37-0A01-4CF3-906D-7FCB4D3602B6}"
EndProject
Project("{9A19103F-16F7-4668-BE54-9A1E7A4F7556}") = "GrooverAdm.DataAccess", "GrooverAdm.DataAccess\GrooverAdm.DataAccess.csproj", "{E87D6AC7-61FD-40EA-AAA4-DBEEAB8BE484}"
EndProject
Project("{9A19103F-16F7-4668-BE54-9A1E7A4F7556}") = "GrooverAdm.Entities", "GrooverAdm.Entities\GrooverAdm.Entities.csproj", "{3EC77722-34EF-49CA-A1CB-1AC77DCFC922}"
EndProject
Project("{FAE04EC0-301F-11D3-BF4B-00C04F79EFBC}") = "Fake", "Fake\Fake.csproj", "{82F1853C-B11E-4A27-A5E0-B101F12EF5E1}"
EndProject
Global
	GlobalSection(SolutionConfigurationPlatforms) = preSolution
		Debug|Any CPU = Debug|Any CPU
		Release|Any CPU = Release|Any CPU
	EndGlobalSection
	GlobalSection(ProjectConfigurationPlatforms) = postSolution
		{3D83F43C-B352-4E9C-8BF8-C2EC71EC246C}.Debug|Any CPU.ActiveCfg = Debug|Any CPU
		{3D83F43C-B352-4E9C-8BF8-C2EC71EC246C}.Debug|Any CPU.Build.0 = Debug|Any CPU
		{3D83F43C-B352-4E9C-8BF8-C2EC71EC246C}.Release|Any CPU.ActiveCfg = Release|Any CPU
		{3D83F43C-B352-4E9C-8BF8-C2EC71EC246C}.Release|Any CPU.Build.0 = Release|Any CPU
		{E69482D9-BCB2-41E4-93F7-4A26838C48C0}.Debug|Any CPU.ActiveCfg = Debug|Any CPU
		{E69482D9-BCB2-41E4-93F7-4A26838C48C0}.Debug|Any CPU.Build.0 = Debug|Any CPU
		{E69482D9-BCB2-41E4-93F7-4A26838C48C0}.Release|Any CPU.ActiveCfg = Release|Any CPU
		{E69482D9-BCB2-41E4-93F7-4A26838C48C0}.Release|Any CPU.Build.0 = Release|Any CPU
		{0EEB505C-E378-4EEB-ADF3-B0C87649D7D2}.Debug|Any CPU.ActiveCfg = Debug|Any CPU
		{0EEB505C-E378-4EEB-ADF3-B0C87649D7D2}.Debug|Any CPU.Build.0 = Debug|Any CPU
		{0EEB505C-E378-4EEB-ADF3-B0C87649D7D2}.Release|Any CPU.ActiveCfg = Release|Any CPU
		{0EEB505C-E378-4EEB-ADF3-B0C87649D7D2}.Release|Any CPU.Build.0 = Release|Any CPU
		{30D61D37-0A01-4CF3-906D-7FCB4D3602B6}.Debug|Any CPU.ActiveCfg = Debug|Any CPU
		{30D61D37-0A01-4CF3-906D-7FCB4D3602B6}.Debug|Any CPU.Build.0 = Debug|Any CPU
		{30D61D37-0A01-4CF3-906D-7FCB4D3602B6}.Release|Any CPU.ActiveCfg = Release|Any CPU
		{30D61D37-0A01-4CF3-906D-7FCB4D3602B6}.Release|Any CPU.Build.0 = Release|Any CPU
		{E87D6AC7-61FD-40EA-AAA4-DBEEAB8BE484}.Debug|Any CPU.ActiveCfg = Debug|Any CPU
		{E87D6AC7-61FD-40EA-AAA4-DBEEAB8BE484}.Debug|Any CPU.Build.0 = Debug|Any CPU
		{E87D6AC7-61FD-40EA-AAA4-DBEEAB8BE484}.Release|Any CPU.ActiveCfg = Release|Any CPU
		{E87D6AC7-61FD-40EA-AAA4-DBEEAB8BE484}.Release|Any CPU.Build.0 = Release|Any CPU
		{3EC77722-34EF-49CA-A1CB-1AC77DCFC922}.Debug|Any CPU.ActiveCfg = Debug|Any CPU
		{3EC77722-34EF-49CA-A1CB-1AC77DCFC922}.Debug|Any CPU.Build.0 = Debug|Any CPU
		{3EC77722-34EF-49CA-A1CB-1AC77DCFC922}.Release|Any CPU.ActiveCfg = Release|Any CPU
		{3EC77722-34EF-49CA-A1CB-1AC77DCFC922}.Release|Any CPU.Build.0 = Release|Any CPU
		{82F1853C-B11E-4A27-A5E0-B101F12EF5E1}.Debug|Any CPU.ActiveCfg = Debug|Any CPU
		{82F1853C-B11E-4A27-A5E0-B101F12EF5E1}.Debug|Any CPU.Build.0 = Debug|Any CPU
		{82F1853C-B11E-4A27-A5E0-B101F12EF5E1}.Release|Any CPU.ActiveCfg = Release|Any CPU
		{82F1853C-B11E-4A27-A5E0-B101F12EF5E1}.Release|Any CPU.Build.0 = Release|Any CPU
	EndGlobalSection
	GlobalSection(SolutionProperties) = preSolution
		HideSolutionNode = FALSE
	EndGlobalSection
	GlobalSection(ExtensibilityGlobals) = postSolution
		SolutionGuid = {C39CEF49-71DD-494E-83B7-9A649A0FB89A}
	EndGlobalSection
EndGlobal
