
Microsoft Visual Studio Solution File, Format Version 12.00
# Visual Studio 15
VisualStudioVersion = 15.0.28307.757
MinimumVisualStudioVersion = 10.0.40219.1
Project("{FAE04EC0-301F-11D3-BF4B-00C04F79EFBC}") = "GrooverAdm", "GrooverAdm\GrooverAdm.csproj", "{70B7604C-77C1-443A-8A51-323FEBFE9761}"
EndProject
Global
	GlobalSection(SolutionConfigurationPlatforms) = preSolution
		Debug|Any CPU = Debug|Any CPU
		Release|Any CPU = Release|Any CPU
	EndGlobalSection
	GlobalSection(ProjectConfigurationPlatforms) = postSolution
		{70B7604C-77C1-443A-8A51-323FEBFE9761}.Debug|Any CPU.ActiveCfg = Debug|Any CPU
		{70B7604C-77C1-443A-8A51-323FEBFE9761}.Debug|Any CPU.Build.0 = Debug|Any CPU
		{70B7604C-77C1-443A-8A51-323FEBFE9761}.Release|Any CPU.ActiveCfg = Release|Any CPU
		{70B7604C-77C1-443A-8A51-323FEBFE9761}.Release|Any CPU.Build.0 = Release|Any CPU
	EndGlobalSection
	GlobalSection(SolutionProperties) = preSolution
		HideSolutionNode = FALSE
	EndGlobalSection
	GlobalSection(ExtensibilityGlobals) = postSolution
		SolutionGuid = {B0D92EB2-B583-469A-8600-B08FB44443BC}
	EndGlobalSection
EndGlobal
